{
  "nodes": {
    "corepkgs-v2": {
      "inputs": {
        "nixpkgs": "nixpkgs"
      },
      "locked": {
        "lastModified": 1789909891,
        "narHash": "sha256-776pMpJYcZp+HPhv0q/I8bGd2xhq+oL+GWQwzKDA4ts=",
        "owner": "ekala-project",
        "repo": "corepkgs-v2",
        "rev": "dac71c8993416e3ec965f565cd28c6f8234544f7",
        "type": "github"
      },
      "original": {
        "owner": "ekala-project",
        "repo": "corepkgs-v2",
        "type": "github"
      }
    },
    "nixpkgs": {
      "locked": {
        "lastModified": 1789264731,
        "narHash": "sha256-llGJbC0CcU8DfROr6mZjRJgMLQd/SKwfpzxJH/2lHO4=",
        "owner": "NixOS",
        "repo": "nixpkgs",
        "rev": "02f5696b0e6097e589076d886b317b83ff0437d7",
        "type": "github"
      },
      "original": {
        "owner": "NixOS",
        "ref": "nixpkgs-unstable",
        "repo": "nixpkgs",
        "type": "github"
      }
    },
    "nixpkgs_2": {
      "locked": {
        "lastModified": 1789785513,
        "narHash": "sha256-BMbikTjbh5H7ac/OjwGoJrlooh4dgNqhs51ABM83M7g=",
        "rev": "20b1ddd1aa5ace70c9468305030aa4f9ef79671b",
        "type": "tarball",
        "url": "https://releases.nixos.org/nixos/unstable/nixos-26.11pre1076192.20b1ddd1aa5a/nixexprs.tar.xz"
      },
      "original": {
        "type": "tarball",
        "url": "https://channels.nixos.org/nixos-unstable/nixexprs.tar.xz"
      }
    },
    "root": {
      "inputs": {
        "corepkgs-v2": "corepkgs-v2",
        "nixpkgs": "nixpkgs_2"
      }
    }
  },
  "root": "root",
  "version": 7
}
